
Microsoft Visual Studio Solution File, Format Version 12.00
# Visual Studio 15
Project("{FAE04EC0-301F-11D3-BF4B-00C04F79EFBC}") = "Task_3", "Task_3\Task_3.csproj", "{75A3C6C2-218E-4FFD-A214-380981F4C3A2}"
EndProject
Project("{FAE04EC0-301F-11D3-BF4B-00C04F79EFBC}") = "Task_4", "Task_4\Task_4.csproj", "{CE1E01B5-A3AA-4E33-B5A6-C6E0F7893359}"
EndProject
Global
	GlobalSection(SolutionConfigurationPlatforms) = preSolution
		Debug|Any CPU = Debug|Any CPU
		Release|Any CPU = Release|Any CPU
	EndGlobalSection
	GlobalSection(ProjectConfigurationPlatforms) = postSolution
		{75A3C6C2-218E-4FFD-A214-380981F4C3A2}.Debug|Any CPU.ActiveCfg = Debug|Any CPU
		{75A3C6C2-218E-4FFD-A214-380981F4C3A2}.Debug|Any CPU.Build.0 = Debug|Any CPU
		{75A3C6C2-218E-4FFD-A214-380981F4C3A2}.Release|Any CPU.ActiveCfg = Release|Any CPU
		{75A3C6C2-218E-4FFD-A214-380981F4C3A2}.Release|Any CPU.Build.0 = Release|Any CPU
		{CE1E01B5-A3AA-4E33-B5A6-C6E0F7893359}.Debug|Any CPU.ActiveCfg = Debug|Any CPU
		{CE1E01B5-A3AA-4E33-B5A6-C6E0F7893359}.Debug|Any CPU.Build.0 = Debug|Any CPU
		{CE1E01B5-A3AA-4E33-B5A6-C6E0F7893359}.Release|Any CPU.ActiveCfg = Release|Any CPU
		{CE1E01B5-A3AA-4E33-B5A6-C6E0F7893359}.Release|Any CPU.Build.0 = Release|Any CPU
	EndGlobalSection
EndGlobal
