
Microsoft Visual Studio Solution File, Format Version 12.00
# Visual Studio Version 16
VisualStudioVersion = 16.0.808.6
MinimumVisualStudioVersion = 10.0.40219.1
Project("{FAE04EC0-301F-11D3-BF4B-00C04F79EFBC}") = "Task2", "Task2\Task2.csproj", "{A2A0D5E4-5E52-4F6A-833D-D3D9EE5ECC52}"
EndProject
Project("{FAE04EC0-301F-11D3-BF4B-00C04F79EFBC}") = "Task3", "Task3\Task3.csproj", "{3FF867A7-033A-43C6-9502-180480C39E2D}"
EndProject
Project("{FAE04EC0-301F-11D3-BF4B-00C04F79EFBC}") = "Task4", "Task4\Task4.csproj", "{73E9F4B3-1D0D-44CE-8DAC-DD7689582344}"
EndProject
Global
	GlobalSection(SolutionConfigurationPlatforms) = preSolution
		Debug|Any CPU = Debug|Any CPU
		Release|Any CPU = Release|Any CPU
	EndGlobalSection
	GlobalSection(ProjectConfigurationPlatforms) = postSolution
		{A2A0D5E4-5E52-4F6A-833D-D3D9EE5ECC52}.Debug|Any CPU.ActiveCfg = Debug|Any CPU
		{A2A0D5E4-5E52-4F6A-833D-D3D9EE5ECC52}.Debug|Any CPU.Build.0 = Debug|Any CPU
		{A2A0D5E4-5E52-4F6A-833D-D3D9EE5ECC52}.Release|Any CPU.ActiveCfg = Release|Any CPU
		{A2A0D5E4-5E52-4F6A-833D-D3D9EE5ECC52}.Release|Any CPU.Build.0 = Release|Any CPU
		{3FF867A7-033A-43C6-9502-180480C39E2D}.Debug|Any CPU.ActiveCfg = Debug|Any CPU
		{3FF867A7-033A-43C6-9502-180480C39E2D}.Debug|Any CPU.Build.0 = Debug|Any CPU
		{3FF867A7-033A-43C6-9502-180480C39E2D}.Release|Any CPU.ActiveCfg = Release|Any CPU
		{3FF867A7-033A-43C6-9502-180480C39E2D}.Release|Any CPU.Build.0 = Release|Any CPU
		{73E9F4B3-1D0D-44CE-8DAC-DD7689582344}.Debug|Any CPU.ActiveCfg = Debug|Any CPU
		{73E9F4B3-1D0D-44CE-8DAC-DD7689582344}.Debug|Any CPU.Build.0 = Debug|Any CPU
		{73E9F4B3-1D0D-44CE-8DAC-DD7689582344}.Release|Any CPU.ActiveCfg = Release|Any CPU
		{73E9F4B3-1D0D-44CE-8DAC-DD7689582344}.Release|Any CPU.Build.0 = Release|Any CPU
	EndGlobalSection
	GlobalSection(SolutionProperties) = preSolution
		HideSolutionNode = FALSE
	EndGlobalSection
	GlobalSection(ExtensibilityGlobals) = postSolution
		SolutionGuid = {328BD97B-1DAA-4808-AF85-385BF2FC3122}
	EndGlobalSection
EndGlobal
