
Microsoft Visual Studio Solution File, Format Version 12.00
# Visual Studio Version 16
VisualStudioVersion = 16.0.808.6
MinimumVisualStudioVersion = 10.0.40219.1
Project("{FAE04EC0-301F-11D3-BF4B-00C04F79EFBC}") = "Task2", "Task2\Task2.csproj", "{CF1C4ACC-272D-4041-9879-010BE470BF6C}"
EndProject
Project("{FAE04EC0-301F-11D3-BF4B-00C04F79EFBC}") = "Task4", "Task4\Task4.csproj", "{A4F9B2DD-4527-4923-BEB7-7F35E36DC079}"
EndProject
Global
	GlobalSection(SolutionConfigurationPlatforms) = preSolution
		Debug|Any CPU = Debug|Any CPU
		Release|Any CPU = Release|Any CPU
	EndGlobalSection
	GlobalSection(ProjectConfigurationPlatforms) = postSolution
		{CF1C4ACC-272D-4041-9879-010BE470BF6C}.Debug|Any CPU.ActiveCfg = Debug|Any CPU
		{CF1C4ACC-272D-4041-9879-010BE470BF6C}.Debug|Any CPU.Build.0 = Debug|Any CPU
		{CF1C4ACC-272D-4041-9879-010BE470BF6C}.Release|Any CPU.ActiveCfg = Release|Any CPU
		{CF1C4ACC-272D-4041-9879-010BE470BF6C}.Release|Any CPU.Build.0 = Release|Any CPU
		{A4F9B2DD-4527-4923-BEB7-7F35E36DC079}.Debug|Any CPU.ActiveCfg = Debug|Any CPU
		{A4F9B2DD-4527-4923-BEB7-7F35E36DC079}.Debug|Any CPU.Build.0 = Debug|Any CPU
		{A4F9B2DD-4527-4923-BEB7-7F35E36DC079}.Release|Any CPU.ActiveCfg = Release|Any CPU
		{A4F9B2DD-4527-4923-BEB7-7F35E36DC079}.Release|Any CPU.Build.0 = Release|Any CPU
	EndGlobalSection
	GlobalSection(SolutionProperties) = preSolution
		HideSolutionNode = FALSE
	EndGlobalSection
	GlobalSection(ExtensibilityGlobals) = postSolution
		SolutionGuid = {0FB3204D-BF00-4C74-B956-9DE329E97155}
	EndGlobalSection
EndGlobal
