
Microsoft Visual Studio Solution File, Format Version 12.00
# Visual Studio Version 16
VisualStudioVersion = 16.0.30611.23
MinimumVisualStudioVersion = 10.0.40219.1
Project("{FAE04EC0-301F-11D3-BF4B-00C04F79EFBC}") = "Task1", "WindowsFormsApp1\Task1.csproj", "{8EE955C6-FD01-4818-858C-934D2EFBE4BE}"
EndProject
Project("{FAE04EC0-301F-11D3-BF4B-00C04F79EFBC}") = "Task2", "WindowsFormsApp2\Task2.csproj", "{8459A0D4-DAFD-4010-B381-625C78AC7734}"
EndProject
Project("{FAE04EC0-301F-11D3-BF4B-00C04F79EFBC}") = "Task4", "Task4\Task4.csproj", "{C8373FCF-E6AC-4C05-947D-B43C410C3F07}"
EndProject
Project("{FAE04EC0-301F-11D3-BF4B-00C04F79EFBC}") = "Task5", "Task5\Task5.csproj", "{6089A97F-BA9E-4F76-B614-4378DE9E52D4}"
EndProject
Project("{FAE04EC0-301F-11D3-BF4B-00C04F79EFBC}") = "Task9", "Task9\Task9.csproj", "{6765E63A-71C2-40EC-8E98-B08F082A3DED}"
EndProject
Global
	GlobalSection(SolutionConfigurationPlatforms) = preSolution
		Debug|Any CPU = Debug|Any CPU
		Release|Any CPU = Release|Any CPU
	EndGlobalSection
	GlobalSection(ProjectConfigurationPlatforms) = postSolution
		{8EE955C6-FD01-4818-858C-934D2EFBE4BE}.Debug|Any CPU.ActiveCfg = Debug|Any CPU
		{8EE955C6-FD01-4818-858C-934D2EFBE4BE}.Debug|Any CPU.Build.0 = Debug|Any CPU
		{8EE955C6-FD01-4818-858C-934D2EFBE4BE}.Release|Any CPU.ActiveCfg = Release|Any CPU
		{8EE955C6-FD01-4818-858C-934D2EFBE4BE}.Release|Any CPU.Build.0 = Release|Any CPU
		{8459A0D4-DAFD-4010-B381-625C78AC7734}.Debug|Any CPU.ActiveCfg = Debug|Any CPU
		{8459A0D4-DAFD-4010-B381-625C78AC7734}.Debug|Any CPU.Build.0 = Debug|Any CPU
		{8459A0D4-DAFD-4010-B381-625C78AC7734}.Release|Any CPU.ActiveCfg = Release|Any CPU
		{8459A0D4-DAFD-4010-B381-625C78AC7734}.Release|Any CPU.Build.0 = Release|Any CPU
		{C8373FCF-E6AC-4C05-947D-B43C410C3F07}.Debug|Any CPU.ActiveCfg = Debug|Any CPU
		{C8373FCF-E6AC-4C05-947D-B43C410C3F07}.Debug|Any CPU.Build.0 = Debug|Any CPU
		{C8373FCF-E6AC-4C05-947D-B43C410C3F07}.Release|Any CPU.ActiveCfg = Release|Any CPU
		{C8373FCF-E6AC-4C05-947D-B43C410C3F07}.Release|Any CPU.Build.0 = Release|Any CPU
		{6089A97F-BA9E-4F76-B614-4378DE9E52D4}.Debug|Any CPU.ActiveCfg = Debug|Any CPU
		{6089A97F-BA9E-4F76-B614-4378DE9E52D4}.Debug|Any CPU.Build.0 = Debug|Any CPU
		{6089A97F-BA9E-4F76-B614-4378DE9E52D4}.Release|Any CPU.ActiveCfg = Release|Any CPU
		{6089A97F-BA9E-4F76-B614-4378DE9E52D4}.Release|Any CPU.Build.0 = Release|Any CPU
		{6765E63A-71C2-40EC-8E98-B08F082A3DED}.Debug|Any CPU.ActiveCfg = Debug|Any CPU
		{6765E63A-71C2-40EC-8E98-B08F082A3DED}.Debug|Any CPU.Build.0 = Debug|Any CPU
		{6765E63A-71C2-40EC-8E98-B08F082A3DED}.Release|Any CPU.ActiveCfg = Release|Any CPU
		{6765E63A-71C2-40EC-8E98-B08F082A3DED}.Release|Any CPU.Build.0 = Release|Any CPU
	EndGlobalSection
	GlobalSection(SolutionProperties) = preSolution
		HideSolutionNode = FALSE
	EndGlobalSection
	GlobalSection(ExtensibilityGlobals) = postSolution
		SolutionGuid = {73C9A31A-E7FF-4C87-9041-61BAD67727FF}
	EndGlobalSection
EndGlobal
