
Microsoft Visual Studio Solution File, Format Version 12.00
# Visual Studio Version 16
VisualStudioVersion = 16.0.808.6
MinimumVisualStudioVersion = 10.0.40219.1
Project("{FAE04EC0-301F-11D3-BF4B-00C04F79EFBC}") = "Task1", "Task1\Task1.csproj", "{8F1757C0-057F-4FF5-A337-D6460721B80C}"
EndProject
Project("{FAE04EC0-301F-11D3-BF4B-00C04F79EFBC}") = "Task2", "Task2\Task2.csproj", "{1F40CAC0-5944-42BD-970E-F4EF741A6578}"
EndProject
Global
	GlobalSection(SolutionConfigurationPlatforms) = preSolution
		Debug|Any CPU = Debug|Any CPU
		Release|Any CPU = Release|Any CPU
	EndGlobalSection
	GlobalSection(ProjectConfigurationPlatforms) = postSolution
		{8F1757C0-057F-4FF5-A337-D6460721B80C}.Debug|Any CPU.ActiveCfg = Debug|Any CPU
		{8F1757C0-057F-4FF5-A337-D6460721B80C}.Debug|Any CPU.Build.0 = Debug|Any CPU
		{8F1757C0-057F-4FF5-A337-D6460721B80C}.Release|Any CPU.ActiveCfg = Release|Any CPU
		{8F1757C0-057F-4FF5-A337-D6460721B80C}.Release|Any CPU.Build.0 = Release|Any CPU
		{1F40CAC0-5944-42BD-970E-F4EF741A6578}.Debug|Any CPU.ActiveCfg = Debug|Any CPU
		{1F40CAC0-5944-42BD-970E-F4EF741A6578}.Debug|Any CPU.Build.0 = Debug|Any CPU
		{1F40CAC0-5944-42BD-970E-F4EF741A6578}.Release|Any CPU.ActiveCfg = Release|Any CPU
		{1F40CAC0-5944-42BD-970E-F4EF741A6578}.Release|Any CPU.Build.0 = Release|Any CPU
	EndGlobalSection
	GlobalSection(SolutionProperties) = preSolution
		HideSolutionNode = FALSE
	EndGlobalSection
	GlobalSection(ExtensibilityGlobals) = postSolution
		SolutionGuid = {3B3559BF-3A54-4CCF-8E60-0A1F1D72543D}
	EndGlobalSection
EndGlobal
