
Microsoft Visual Studio Solution File, Format Version 12.00
# Visual Studio 15
Project("{FAE04EC0-301F-11D3-BF4B-00C04F79EFBC}") = "Project1", "Project1\Project1.csproj", "{6F1F6C3C-8A14-4ADE-A8D2-7109BED95B14}"
EndProject
Project("{FAE04EC0-301F-11D3-BF4B-00C04F79EFBC}") = "Project2", "Project2\Project2.csproj", "{1FA31B72-4076-46C6-BDF5-FB53449C43A7}"
EndProject
Global
	GlobalSection(SolutionConfigurationPlatforms) = preSolution
		Debug|Any CPU = Debug|Any CPU
		Release|Any CPU = Release|Any CPU
	EndGlobalSection
	GlobalSection(ProjectConfigurationPlatforms) = postSolution
		{6F1F6C3C-8A14-4ADE-A8D2-7109BED95B14}.Debug|Any CPU.ActiveCfg = Debug|Any CPU
		{6F1F6C3C-8A14-4ADE-A8D2-7109BED95B14}.Debug|Any CPU.Build.0 = Debug|Any CPU
		{6F1F6C3C-8A14-4ADE-A8D2-7109BED95B14}.Release|Any CPU.ActiveCfg = Release|Any CPU
		{6F1F6C3C-8A14-4ADE-A8D2-7109BED95B14}.Release|Any CPU.Build.0 = Release|Any CPU
		{1FA31B72-4076-46C6-BDF5-FB53449C43A7}.Debug|Any CPU.ActiveCfg = Debug|Any CPU
		{1FA31B72-4076-46C6-BDF5-FB53449C43A7}.Debug|Any CPU.Build.0 = Debug|Any CPU
		{1FA31B72-4076-46C6-BDF5-FB53449C43A7}.Release|Any CPU.ActiveCfg = Release|Any CPU
		{1FA31B72-4076-46C6-BDF5-FB53449C43A7}.Release|Any CPU.Build.0 = Release|Any CPU
	EndGlobalSection
EndGlobal
