
Microsoft Visual Studio Solution File, Format Version 12.00
# Visual Studio 15
Project("{FAE04EC0-301F-11D3-BF4B-00C04F79EFBC}") = "Task1", "Task1\Task1.csproj", "{EF627B0E-2FA3-468C-8B53-96091614903C}"
EndProject
Project("{FAE04EC0-301F-11D3-BF4B-00C04F79EFBC}") = "Task2", "Task2\Task2.csproj", "{D2AB3004-E9A6-4335-8BDF-CD49396E939D}"
EndProject
Global
	GlobalSection(SolutionConfigurationPlatforms) = preSolution
		Debug|Any CPU = Debug|Any CPU
		Release|Any CPU = Release|Any CPU
	EndGlobalSection
	GlobalSection(ProjectConfigurationPlatforms) = postSolution
		{EF627B0E-2FA3-468C-8B53-96091614903C}.Debug|Any CPU.ActiveCfg = Debug|Any CPU
		{EF627B0E-2FA3-468C-8B53-96091614903C}.Debug|Any CPU.Build.0 = Debug|Any CPU
		{EF627B0E-2FA3-468C-8B53-96091614903C}.Release|Any CPU.ActiveCfg = Release|Any CPU
		{EF627B0E-2FA3-468C-8B53-96091614903C}.Release|Any CPU.Build.0 = Release|Any CPU
		{D2AB3004-E9A6-4335-8BDF-CD49396E939D}.Debug|Any CPU.ActiveCfg = Debug|Any CPU
		{D2AB3004-E9A6-4335-8BDF-CD49396E939D}.Debug|Any CPU.Build.0 = Debug|Any CPU
		{D2AB3004-E9A6-4335-8BDF-CD49396E939D}.Release|Any CPU.ActiveCfg = Release|Any CPU
		{D2AB3004-E9A6-4335-8BDF-CD49396E939D}.Release|Any CPU.Build.0 = Release|Any CPU
	EndGlobalSection
EndGlobal
