
Microsoft Visual Studio Solution File, Format Version 12.00
# Visual Studio Version 16
VisualStudioVersion = 16.0.808.6
MinimumVisualStudioVersion = 10.0.40219.1
Project("{FAE04EC0-301F-11D3-BF4B-00C04F79EFBC}") = "Task1", "Task1\Task1.csproj", "{6A019EF1-FA22-4C35-A0CB-5D9CA6A1CCD0}"
EndProject
Project("{FAE04EC0-301F-11D3-BF4B-00C04F79EFBC}") = "Task3", "Task3\Task3.csproj", "{E68A22D2-FC6B-4E9D-B6CD-3E1D115B32A1}"
EndProject
Project("{FAE04EC0-301F-11D3-BF4B-00C04F79EFBC}") = "Task5", "Task5\Task5.csproj", "{E265EBFF-B026-4EAA-96A3-DA1B0BB449EF}"
EndProject
Global
	GlobalSection(SolutionConfigurationPlatforms) = preSolution
		Debug|Any CPU = Debug|Any CPU
		Release|Any CPU = Release|Any CPU
	EndGlobalSection
	GlobalSection(ProjectConfigurationPlatforms) = postSolution
		{6A019EF1-FA22-4C35-A0CB-5D9CA6A1CCD0}.Debug|Any CPU.ActiveCfg = Debug|Any CPU
		{6A019EF1-FA22-4C35-A0CB-5D9CA6A1CCD0}.Debug|Any CPU.Build.0 = Debug|Any CPU
		{6A019EF1-FA22-4C35-A0CB-5D9CA6A1CCD0}.Release|Any CPU.ActiveCfg = Release|Any CPU
		{6A019EF1-FA22-4C35-A0CB-5D9CA6A1CCD0}.Release|Any CPU.Build.0 = Release|Any CPU
		{E68A22D2-FC6B-4E9D-B6CD-3E1D115B32A1}.Debug|Any CPU.ActiveCfg = Debug|Any CPU
		{E68A22D2-FC6B-4E9D-B6CD-3E1D115B32A1}.Debug|Any CPU.Build.0 = Debug|Any CPU
		{E68A22D2-FC6B-4E9D-B6CD-3E1D115B32A1}.Release|Any CPU.ActiveCfg = Release|Any CPU
		{E68A22D2-FC6B-4E9D-B6CD-3E1D115B32A1}.Release|Any CPU.Build.0 = Release|Any CPU
		{E265EBFF-B026-4EAA-96A3-DA1B0BB449EF}.Debug|Any CPU.ActiveCfg = Debug|Any CPU
		{E265EBFF-B026-4EAA-96A3-DA1B0BB449EF}.Debug|Any CPU.Build.0 = Debug|Any CPU
		{E265EBFF-B026-4EAA-96A3-DA1B0BB449EF}.Release|Any CPU.ActiveCfg = Release|Any CPU
		{E265EBFF-B026-4EAA-96A3-DA1B0BB449EF}.Release|Any CPU.Build.0 = Release|Any CPU
	EndGlobalSection
	GlobalSection(SolutionProperties) = preSolution
		HideSolutionNode = FALSE
	EndGlobalSection
	GlobalSection(ExtensibilityGlobals) = postSolution
		SolutionGuid = {29E859E3-3D88-4CAE-AEC6-7E5C87878FAE}
	EndGlobalSection
EndGlobal
