
Microsoft Visual Studio Solution File, Format Version 12.00
# Visual Studio 15
Project("{FAE04EC0-301F-11D3-BF4B-00C04F79EFBC}") = "Task_8_1", "Task_8_1\Task_8_1.csproj", "{86EACFC4-5980-465D-98CE-32F4F5D5D948}"
EndProject
Project("{FAE04EC0-301F-11D3-BF4B-00C04F79EFBC}") = "Task_8_2", "Task_8_2\Task_8_2.csproj", "{45866A73-8029-42CC-AE3B-3EEE77D25655}"
EndProject
Project("{FAE04EC0-301F-11D3-BF4B-00C04F79EFBC}") = "Task_8_3", "Task_8_3\Task_8_3.csproj", "{2FF911BF-05EE-4A2D-A488-170EA315166A}"
EndProject
Project("{FAE04EC0-301F-11D3-BF4B-00C04F79EFBC}") = "Task_8_4", "Task_8_5\Task_8_4.csproj", "{C31C80A3-8E11-4090-9D24-907E294A3E3D}"
EndProject
Project("{FAE04EC0-301F-11D3-BF4B-00C04F79EFBC}") = "Task_9", "Task_9\Task_9.csproj", "{CC74440A-6789-40FE-86CF-28DB832D2F4A}"
EndProject
Project("{FAE04EC0-301F-11D3-BF4B-00C04F79EFBC}") = "Task_1", "Task_1\Task_1.csproj", "{84E0510D-ACC7-4E7E-A611-5127F74F0AEB}"
EndProject
Project("{FAE04EC0-301F-11D3-BF4B-00C04F79EFBC}") = "Task_2", "Task_2\Task_2.csproj", "{8ECA2077-456D-43F8-A7D4-197016C19150}"
EndProject
Project("{FAE04EC0-301F-11D3-BF4B-00C04F79EFBC}") = "Task_3", "Task_3\Task_3.csproj", "{7173B94B-DCBA-4CFE-820D-F3973D1EC937}"
EndProject
Project("{FAE04EC0-301F-11D3-BF4B-00C04F79EFBC}") = "Task_4", "Task_4\Task_4.csproj", "{D83A79A7-D6A8-45C8-B75A-B5622BAE56E0}"
EndProject
Global
	GlobalSection(SolutionConfigurationPlatforms) = preSolution
		Debug|Any CPU = Debug|Any CPU
		Release|Any CPU = Release|Any CPU
	EndGlobalSection
	GlobalSection(ProjectConfigurationPlatforms) = postSolution
		{86EACFC4-5980-465D-98CE-32F4F5D5D948}.Debug|Any CPU.ActiveCfg = Debug|Any CPU
		{86EACFC4-5980-465D-98CE-32F4F5D5D948}.Debug|Any CPU.Build.0 = Debug|Any CPU
		{86EACFC4-5980-465D-98CE-32F4F5D5D948}.Release|Any CPU.ActiveCfg = Release|Any CPU
		{86EACFC4-5980-465D-98CE-32F4F5D5D948}.Release|Any CPU.Build.0 = Release|Any CPU
		{45866A73-8029-42CC-AE3B-3EEE77D25655}.Debug|Any CPU.ActiveCfg = Debug|Any CPU
		{45866A73-8029-42CC-AE3B-3EEE77D25655}.Debug|Any CPU.Build.0 = Debug|Any CPU
		{45866A73-8029-42CC-AE3B-3EEE77D25655}.Release|Any CPU.ActiveCfg = Release|Any CPU
		{45866A73-8029-42CC-AE3B-3EEE77D25655}.Release|Any CPU.Build.0 = Release|Any CPU
		{2FF911BF-05EE-4A2D-A488-170EA315166A}.Debug|Any CPU.ActiveCfg = Debug|Any CPU
		{2FF911BF-05EE-4A2D-A488-170EA315166A}.Debug|Any CPU.Build.0 = Debug|Any CPU
		{2FF911BF-05EE-4A2D-A488-170EA315166A}.Release|Any CPU.ActiveCfg = Release|Any CPU
		{2FF911BF-05EE-4A2D-A488-170EA315166A}.Release|Any CPU.Build.0 = Release|Any CPU
		{C31C80A3-8E11-4090-9D24-907E294A3E3D}.Debug|Any CPU.ActiveCfg = Debug|Any CPU
		{C31C80A3-8E11-4090-9D24-907E294A3E3D}.Debug|Any CPU.Build.0 = Debug|Any CPU
		{C31C80A3-8E11-4090-9D24-907E294A3E3D}.Release|Any CPU.ActiveCfg = Release|Any CPU
		{C31C80A3-8E11-4090-9D24-907E294A3E3D}.Release|Any CPU.Build.0 = Release|Any CPU
		{CC74440A-6789-40FE-86CF-28DB832D2F4A}.Debug|Any CPU.ActiveCfg = Debug|Any CPU
		{CC74440A-6789-40FE-86CF-28DB832D2F4A}.Debug|Any CPU.Build.0 = Debug|Any CPU
		{CC74440A-6789-40FE-86CF-28DB832D2F4A}.Release|Any CPU.ActiveCfg = Release|Any CPU
		{CC74440A-6789-40FE-86CF-28DB832D2F4A}.Release|Any CPU.Build.0 = Release|Any CPU
		{84E0510D-ACC7-4E7E-A611-5127F74F0AEB}.Debug|Any CPU.ActiveCfg = Debug|Any CPU
		{84E0510D-ACC7-4E7E-A611-5127F74F0AEB}.Debug|Any CPU.Build.0 = Debug|Any CPU
		{84E0510D-ACC7-4E7E-A611-5127F74F0AEB}.Release|Any CPU.ActiveCfg = Release|Any CPU
		{84E0510D-ACC7-4E7E-A611-5127F74F0AEB}.Release|Any CPU.Build.0 = Release|Any CPU
		{8ECA2077-456D-43F8-A7D4-197016C19150}.Debug|Any CPU.ActiveCfg = Debug|Any CPU
		{8ECA2077-456D-43F8-A7D4-197016C19150}.Debug|Any CPU.Build.0 = Debug|Any CPU
		{8ECA2077-456D-43F8-A7D4-197016C19150}.Release|Any CPU.ActiveCfg = Release|Any CPU
		{8ECA2077-456D-43F8-A7D4-197016C19150}.Release|Any CPU.Build.0 = Release|Any CPU
		{7173B94B-DCBA-4CFE-820D-F3973D1EC937}.Debug|Any CPU.ActiveCfg = Debug|Any CPU
		{7173B94B-DCBA-4CFE-820D-F3973D1EC937}.Debug|Any CPU.Build.0 = Debug|Any CPU
		{7173B94B-DCBA-4CFE-820D-F3973D1EC937}.Release|Any CPU.ActiveCfg = Release|Any CPU
		{7173B94B-DCBA-4CFE-820D-F3973D1EC937}.Release|Any CPU.Build.0 = Release|Any CPU
		{D83A79A7-D6A8-45C8-B75A-B5622BAE56E0}.Debug|Any CPU.ActiveCfg = Debug|Any CPU
		{D83A79A7-D6A8-45C8-B75A-B5622BAE56E0}.Debug|Any CPU.Build.0 = Debug|Any CPU
		{D83A79A7-D6A8-45C8-B75A-B5622BAE56E0}.Release|Any CPU.ActiveCfg = Release|Any CPU
		{D83A79A7-D6A8-45C8-B75A-B5622BAE56E0}.Release|Any CPU.Build.0 = Release|Any CPU
	EndGlobalSection
EndGlobal
